<?xml version="1.0" encoding="utf-8"?>
<Project ToolsVersion="4.0" xmlns="http://schemas.microsoft.com/developer/msbuild/2003">
  <ItemGroup>
    <Filter Include="소스 파일">
      <UniqueIdentifier>{4FC737F1-C7A5-4376-A066-2A32D752A2FF}</UniqueIdentifier>
      <Extensions>cpp;c;cc;cxx;def;odl;idl;hpj;bat;asm;asmx</Extensions>
    </Filter>
    <Filter Include="헤더 파일">
      <UniqueIdentifier>{93995380-89BD-4b04-88EB-625FBE52EBFB}</UniqueIdentifier>
      <Extensions>h;hh;hpp;hxx;hm;inl;inc;xsd</Extensions>
    </Filter>
    <Filter Include="리소스 파일">
      <UniqueIdentifier>{67DA6AB6-F800-4c08-8B7A-83BB121AAD01}</UniqueIdentifier>
      <Extensions>rc;ico;cur;bmp;dlg;rc2;rct;bin;rgs;gif;jpg;jpeg;jpe;resx;tiff;tif;png;wav;mfcribbon-ms</Extensions>
    </Filter>
    <Filter Include="소스 파일\PCH">
      <UniqueIdentifier>{50a4aaea-2d34-48b2-8cf5-2a9ebb64d66b}</UniqueIdentifier>
    </Filter>
    <Filter Include="소스 파일\origin">
      <UniqueIdentifier>{ae2850dc-8f58-4413-8a51-3358215db3e5}</UniqueIdentifier>
    </Filter>
    <Filter Include="소스 파일\Session">
      <UniqueIdentifier>{bf55c8f2-c89a-452e-9c9c-588c56cc939c}</UniqueIdentifier>
    </Filter>
    <Filter Include="소스 파일\Packet">
      <UniqueIdentifier>{88927754-c29d-40e1-a3c6-85ff6b08cf4e}</UniqueIdentifier>
    </Filter>
    <Filter Include="소스 파일\DatabaseHandling">
      <UniqueIdentifier>{4869cbf2-e6d5-439a-872e-10d931697219}</UniqueIdentifier>
    </Filter>
    <Filter Include="소스 파일\OdbcContents">
      <UniqueIdentifier>{1b3f91ec-c655-4f2e-abc1-d2398cfc713e}</UniqueIdentifier>
    </Filter>
    <Filter Include="소스 파일\Components">
      <UniqueIdentifier>{1d2bfc92-64c3-42a9-b694-fcd5f41a3a76}</UniqueIdentifier>
    </Filter>
    <Filter Include="리소스 파일\protobuf">
      <UniqueIdentifier>{e46730ba-d143-4c89-965a-49956c961b24}</UniqueIdentifier>
    </Filter>
    <Filter Include="소스 파일\NetworkrObj">
      <UniqueIdentifier>{9601a9b2-cdc1-4536-ac7b-aeb34f33f7b0}</UniqueIdentifier>
    </Filter>
    <Filter Include="소스 파일\GameSession">
      <UniqueIdentifier>{c8757734-ff09-4b97-bd85-129efd5fde5c}</UniqueIdentifier>
    </Filter>
  </ItemGroup>
  <ItemGroup>
    <ClCompile Include="stdafx.cpp">
      <Filter>소스 파일\PCH</Filter>
    </ClCompile>
    <ClCompile Include="main.cpp">
      <Filter>소스 파일</Filter>
    </ClCompile>
    <ClCompile Include="origin\CircularBuffer.cpp">
      <Filter>소스 파일\origin</Filter>
    </ClCompile>
    <ClCompile Include="origin\Exception.cpp">
      <Filter>소스 파일\origin</Filter>
    </ClCompile>
    <ClCompile Include="origin\FastSpinlock.cpp">
      <Filter>소스 파일\origin</Filter>
    </ClCompile>
    <ClCompile Include="origin\LockOrderChecker.cpp">
      <Filter>소스 파일\origin</Filter>
    </ClCompile>
    <ClCompile Include="origin\MemoryPool.cpp">
      <Filter>소스 파일\origin</Filter>
    </ClCompile>
    <ClCompile Include="IocpManager.cpp">
      <Filter>소스 파일\Session</Filter>
    </ClCompile>
    <ClCompile Include="IOThread.cpp">
      <Filter>소스 파일\Session</Filter>
    </ClCompile>
    <ClCompile Include="origin\ThreadLocal.cpp">
      <Filter>소스 파일\origin</Filter>
    </ClCompile>
    <ClCompile Include="Session.cpp">
      <Filter>소스 파일\Session</Filter>
    </ClCompile>
    <ClCompile Include="OverlappedContext.cpp">
      <Filter>소스 파일\Session</Filter>
    </ClCompile>
    <ClCompile Include="Player.cpp">
      <Filter>소스 파일\NetworkrObj</Filter>
    </ClCompile>
    <ClCompile Include="ClientSession.cpp">
      <Filter>소스 파일\Session</Filter>
    </ClCompile>
    <ClCompile Include="SendRequestSessionConcurrentQueue.cpp">
      <Filter>소스 파일\Session</Filter>
    </ClCompile>
    <ClCompile Include="ClientSessionManager.cpp">
      <Filter>소스 파일\Session</Filter>
    </ClCompile>
    <ClCompile Include="ServerSessionManager.cpp">
      <Filter>소스 파일\Session</Filter>
    </ClCompile>
    <ClCompile Include="PlayerManager.cpp">
      <Filter>소스 파일\NetworkrObj</Filter>
    </ClCompile>
    <ClCompile Include="DBThread.cpp">
      <Filter>소스 파일\DatabaseHandling</Filter>
    </ClCompile>
    <ClCompile Include="DBContext.cpp">
      <Filter>소스 파일\DatabaseHandling</Filter>
    </ClCompile>
    <ClCompile Include="DBHelper.cpp">
      <Filter>소스 파일\DatabaseHandling</Filter>
    </ClCompile>
    <ClCompile Include="DBManager.cpp">
      <Filter>소스 파일\DatabaseHandling</Filter>
    </ClCompile>
    <ClCompile Include="PlayerDBContext.cpp">
      <Filter>소스 파일\OdbcContents</Filter>
    </ClCompile>
    <ClCompile Include="Packet.cpp">
      <Filter>소스 파일\Packet</Filter>
    </ClCompile>
    <ClCompile Include="protoGen\GetSource\protoPack.pb.cc">
      <Filter>소스 파일\Packet</Filter>
    </ClCompile>
    <ClCompile Include="Lobby.cpp">
      <Filter>소스 파일\NetworkrObj</Filter>
    </ClCompile>
    <ClCompile Include="OutLobby.cpp">
      <Filter>소스 파일\NetworkrObj</Filter>
    </ClCompile>
    <ClCompile Include="Room.cpp">
      <Filter>소스 파일\NetworkrObj</Filter>
    </ClCompile>
    <ClCompile Include="protoGen\GetSource\PacketRecvHadler.cpp">
      <Filter>소스 파일\Packet</Filter>
    </ClCompile>
  </ItemGroup>
  <ItemGroup>
    <ClInclude Include="stdafx.h">
      <Filter>소스 파일\PCH</Filter>
    </ClInclude>
    <ClInclude Include="origin\CircularBuffer.h">
      <Filter>소스 파일\origin</Filter>
    </ClInclude>
    <ClInclude Include="origin\Exception.h">
      <Filter>소스 파일\origin</Filter>
    </ClInclude>
    <ClInclude Include="origin\FastSpinlock.h">
      <Filter>소스 파일\origin</Filter>
    </ClInclude>
    <ClInclude Include="origin\LockOrderChecker.h">
      <Filter>소스 파일\origin</Filter>
    </ClInclude>
    <ClInclude Include="origin\MemoryPool.h">
      <Filter>소스 파일\origin</Filter>
    </ClInclude>
    <ClInclude Include="origin\ObjectPool.h">
      <Filter>소스 파일\origin</Filter>
    </ClInclude>
    <ClInclude Include="origin\TypeTraits.h">
      <Filter>소스 파일\origin</Filter>
    </ClInclude>
    <ClInclude Include="origin\XTL.h">
      <Filter>소스 파일\origin</Filter>
    </ClInclude>
    <ClInclude Include="IocpManager.h">
      <Filter>소스 파일\Session</Filter>
    </ClInclude>
    <ClInclude Include="IOThread.h">
      <Filter>소스 파일\Session</Filter>
    </ClInclude>
    <ClInclude Include="origin\ThreadLocal.h">
      <Filter>소스 파일\origin</Filter>
    </ClInclude>
    <ClInclude Include="Session.h">
      <Filter>소스 파일\Session</Filter>
    </ClInclude>
    <ClInclude Include="ClientSession.h">
      <Filter>소스 파일\Session</Filter>
    </ClInclude>
    <ClInclude Include="ServerSession.h">
      <Filter>소스 파일\Session</Filter>
    </ClInclude>
    <ClInclude Include="OverlappedContext.h">
      <Filter>소스 파일\Session</Filter>
    </ClInclude>
    <ClInclude Include="Player.h">
      <Filter>소스 파일\NetworkrObj</Filter>
    </ClInclude>
    <ClInclude Include="LocalSendRequestSessionList.h">
      <Filter>소스 파일\Session</Filter>
    </ClInclude>
    <ClInclude Include="origin\SyncExecutable.h">
      <Filter>소스 파일\origin</Filter>
    </ClInclude>
    <ClInclude Include="SendRequestSessionConcurrentQueue.h">
      <Filter>소스 파일\Session</Filter>
    </ClInclude>
    <ClInclude Include="ClientSessionManager.h">
      <Filter>소스 파일\Session</Filter>
    </ClInclude>
    <ClInclude Include="ServerSessionManager.h">
      <Filter>소스 파일\Session</Filter>
    </ClInclude>
    <ClInclude Include="PlayerManager.h">
      <Filter>소스 파일\NetworkrObj</Filter>
    </ClInclude>
    <ClInclude Include="Packet.h">
      <Filter>소스 파일\Packet</Filter>
    </ClInclude>
    <ClInclude Include="DBPacket.h">
      <Filter>소스 파일\Packet</Filter>
    </ClInclude>
    <ClInclude Include="DBManager.h">
      <Filter>소스 파일\DatabaseHandling</Filter>
    </ClInclude>
    <ClInclude Include="DBThread.h">
      <Filter>소스 파일\DatabaseHandling</Filter>
    </ClInclude>
    <ClInclude Include="DBContext.h">
      <Filter>소스 파일\DatabaseHandling</Filter>
    </ClInclude>
    <ClInclude Include="DBHelper.h">
      <Filter>소스 파일\DatabaseHandling</Filter>
    </ClInclude>
    <ClInclude Include="SQLStatement.h">
      <Filter>소스 파일\OdbcContents</Filter>
    </ClInclude>
    <ClInclude Include="ContentsConfig.h">
      <Filter>소스 파일\OdbcContents</Filter>
    </ClInclude>
    <ClInclude Include="PlayerDBContext.h">
      <Filter>소스 파일\OdbcContents</Filter>
    </ClInclude>
    <ClInclude Include="RigidbodyComponentManager.h">
      <Filter>소스 파일\Components</Filter>
    </ClInclude>
    <ClInclude Include="RigidbodyComponent.h">
      <Filter>소스 파일\Components</Filter>
    </ClInclude>
    <ClInclude Include="protoGen\GetSource\protoPack.pb.h">
      <Filter>소스 파일\Packet</Filter>
    </ClInclude>
    <ClInclude Include="protoGen\GetSource\protoTypeEnum.h">
      <Filter>소스 파일\Packet</Filter>
    </ClInclude>
    <ClInclude Include="protoGen\GetSource\PacketRecvHadler.h">
      <Filter>소스 파일\Packet</Filter>
    </ClInclude>
    <ClInclude Include="Lobby.h">
      <Filter>소스 파일\NetworkrObj</Filter>
    </ClInclude>
    <ClInclude Include="Room.h">
      <Filter>소스 파일\NetworkrObj</Filter>
    </ClInclude>
    <ClInclude Include="OutLobby.h">
      <Filter>소스 파일\NetworkrObj</Filter>
    </ClInclude>
    <ClInclude Include="GameSession.h">
      <Filter>소스 파일\GameSession</Filter>
    </ClInclude>
    <ClInclude Include="LocationInfo.h">
      <Filter>소스 파일\NetworkrObj</Filter>
    </ClInclude>
  </ItemGroup>
  <ItemGroup>
    <None Include="GameDB.sql">
      <Filter>소스 파일\OdbcContents</Filter>
    </None>
    <None Include="protoGen\protoPack.proto">
      <Filter>리소스 파일\protobuf</Filter>
    </None>
  </ItemGroup>
</Project>